
Microsoft Visual Studio Solution File, Format Version 12.00
# Visual Studio Version 16
VisualStudioVersion = 16.0.31019.35
MinimumVisualStudioVersion = 10.0.40219.1
Project("{FAE04EC0-301F-11D3-BF4B-00C04F79EFBC}") = "Vietmap.APIs.Demo", "Vietmap.APIs.Demo\Vietmap.APIs.Demo.csproj", "{2E9B719B-6A9F-4FBA-86C3-B620529AC78E}"
EndProject
Global
	GlobalSection(SolutionConfigurationPlatforms) = preSolution
		Debug|Any CPU = Debug|Any CPU
		Release|Any CPU = Release|Any CPU
	EndGlobalSection
	GlobalSection(ProjectConfigurationPlatforms) = postSolution
		{2E9B719B-6A9F-4FBA-86C3-B620529AC78E}.Debug|Any CPU.ActiveCfg = Debug|Any CPU
		{2E9B719B-6A9F-4FBA-86C3-B620529AC78E}.Debug|Any CPU.Build.0 = Debug|Any CPU
		{2E9B719B-6A9F-4FBA-86C3-B620529AC78E}.Release|Any CPU.ActiveCfg = Release|Any CPU
		{2E9B719B-6A9F-4FBA-86C3-B620529AC78E}.Release|Any CPU.Build.0 = Release|Any CPU
	EndGlobalSection
	GlobalSection(SolutionProperties) = preSolution
		HideSolutionNode = FALSE
	EndGlobalSection
	GlobalSection(ExtensibilityGlobals) = postSolution
		SolutionGuid = {264FF73C-7B99-4AB6-BAA3-10541EF245B6}
	EndGlobalSection
EndGlobal
